
Microsoft Visual Studio Solution File, Format Version 12.00
# Visual Studio Version 17
VisualStudioVersion = 17.5.33516.290
MinimumVisualStudioVersion = 10.0.40219.1
Project("{FAE04EC0-301F-11D3-BF4B-00C04F79EFBC}") = "SignalR", "SignalR.csproj", "{F062767A-0521-458A-A8FA-48238A8D3624}"
EndProject
Global
	GlobalSection(SolutionConfigurationPlatforms) = preSolution
		Debug|Any CPU = Debug|Any CPU
		Release|Any CPU = Release|Any CPU
	EndGlobalSection
	GlobalSection(ProjectConfigurationPlatforms) = postSolution
		{F062767A-0521-458A-A8FA-48238A8D3624}.Debug|Any CPU.ActiveCfg = Debug|Any CPU
		{F062767A-0521-458A-A8FA-48238A8D3624}.Debug|Any CPU.Build.0 = Debug|Any CPU
		{F062767A-0521-458A-A8FA-48238A8D3624}.Release|Any CPU.ActiveCfg = Release|Any CPU
		{F062767A-0521-458A-A8FA-48238A8D3624}.Release|Any CPU.Build.0 = Release|Any CPU
	EndGlobalSection
	GlobalSection(SolutionProperties) = preSolution
		HideSolutionNode = FALSE
	EndGlobalSection
	GlobalSection(ExtensibilityGlobals) = postSolution
		SolutionGuid = {FC37F070-F621-42B3-8C94-4B64BBF99284}
	EndGlobalSection
EndGlobal
